// !$*UTF8*$!
{
	archiveVersion = 1;
	classes = {
	};
	objectVersion = 50;
	objects = {

/* Begin PBXBuildFile section */
		1D89ADA48C6A4927F35322FA /* libPods-SSSelectItemUITests.a in Frameworks */ = {isa = PBXBuildFile; fileRef = 033B335FE18D1790E7C7E68D /* libPods-SSSelectItemUITests.a */; };
		2A4055BC3D9884DD99870CF7 /* libPods-SSSelectItemTests.a in Frameworks */ = {isa = PBXBuildFile; fileRef = 721AA7133B84B93AABA43C75 /* libPods-SSSelectItemTests.a */; };
		5676251F1E0A2FADCCC8B29E /* libPods-SSSelectItem.a in Frameworks */ = {isa = PBXBuildFile; fileRef = F8F65E40C4BAFD39DCBF0BCE /* libPods-SSSelectItem.a */; };
		72A595E5212D05E500F0318C /* AppDelegate.m in Sources */ = {isa = PBXBuildFile; fileRef = 72A595E4212D05E500F0318C /* AppDelegate.m */; };
		72A595E8212D05E500F0318C /* ViewController.m in Sources */ = {isa = PBXBuildFile; fileRef = 72A595E7212D05E500F0318C /* ViewController.m */; };
		72A595EB212D05E500F0318C /* Main.storyboard in Resources */ = {isa = PBXBuildFile; fileRef = 72A595E9212D05E500F0318C /* Main.storyboard */; };
		72A595ED212D05E600F0318C /* Assets.xcassets in Resources */ = {isa = PBXBuildFile; fileRef = 72A595EC212D05E600F0318C /* Assets.xcassets */; };
		72A595F0212D05E600F0318C /* LaunchScreen.storyboard in Resources */ = {isa = PBXBuildFile; fileRef = 72A595EE212D05E600F0318C /* LaunchScreen.storyboard */; };
		72A595F3212D05E600F0318C /* main.m in Sources */ = {isa = PBXBuildFile; fileRef = 72A595F2212D05E600F0318C /* main.m */; };
		72A595FD212D05E600F0318C /* SSSelectItemTests.m in Sources */ = {isa = PBXBuildFile; fileRef = 72A595FC212D05E600F0318C /* SSSelectItemTests.m */; };
		72A59608212D05E600F0318C /* SSSelectItemUITests.m in Sources */ = {isa = PBXBuildFile; fileRef = 72A59607212D05E600F0318C /* SSSelectItemUITests.m */; };
		72A59619212D069100F0318C /* SSSortButton.m in Sources */ = {isa = PBXBuildFile; fileRef = 72A59618212D069100F0318C /* SSSortButton.m */; };
		72FC014A212D530F00968ABE /* SSSelectItemView.m in Sources */ = {isa = PBXBuildFile; fileRef = 72FC0149212D530F00968ABE /* SSSelectItemView.m */; };
/* End PBXBuildFile section */

/* Begin PBXContainerItemProxy section */
		72A595F9212D05E600F0318C /* PBXContainerItemProxy */ = {
			isa = PBXContainerItemProxy;
			containerPortal = 72A595D8212D05E500F0318C /* Project object */;
			proxyType = 1;
			remoteGlobalIDString = 72A595DF212D05E500F0318C;
			remoteInfo = SSSelectItem;
		};
		72A59604212D05E600F0318C /* PBXContainerItemProxy */ = {
			isa = PBXContainerItemProxy;
			containerPortal = 72A595D8212D05E500F0318C /* Project object */;
			proxyType = 1;
			remoteGlobalIDString = 72A595DF212D05E500F0318C;
			remoteInfo = SSSelectItem;
		};
/* End PBXContainerItemProxy section */

/* Begin PBXFileReference section */
		033B335FE18D1790E7C7E68D /* libPods-SSSelectItemUITests.a */ = {isa = PBXFileReference; explicitFileType = archive.ar; includeInIndex = 0; path = "libPods-SSSelectItemUITests.a"; sourceTree = BUILT_PRODUCTS_DIR; };
		2BC5BDCDF06221EFE5A8070A /* Pods-SSSelectItemTests.release.xcconfig */ = {isa = PBXFileReference; includeInIndex = 1; lastKnownFileType = text.xcconfig; name = "Pods-SSSelectItemTests.release.xcconfig"; path = "Pods/Target Support Files/Pods-SSSelectItemTests/Pods-SSSelectItemTests.release.xcconfig"; sourceTree = "<group>"; };
		4279B60D933AAD60D8E5DFB1 /* Pods-SSSelectItemUITests.release.xcconfig */ = {isa = PBXFileReference; includeInIndex = 1; lastKnownFileType = text.xcconfig; name = "Pods-SSSelectItemUITests.release.xcconfig"; path = "Pods/Target Support Files/Pods-SSSelectItemUITests/Pods-SSSelectItemUITests.release.xcconfig"; sourceTree = "<group>"; };
		4BB0D563FBE5AE8B12FF3843 /* Pods-SSSelectItemUITests.debug.xcconfig */ = {isa = PBXFileReference; includeInIndex = 1; lastKnownFileType = text.xcconfig; name = "Pods-SSSelectItemUITests.debug.xcconfig"; path = "Pods/Target Support Files/Pods-SSSelectItemUITests/Pods-SSSelectItemUITests.debug.xcconfig"; sourceTree = "<group>"; };
		51CDDE58C02C512A25B88A66 /* Pods-SSSelectItem.release.xcconfig */ = {isa = PBXFileReference; includeInIndex = 1; lastKnownFileType = text.xcconfig; name = "Pods-SSSelectItem.release.xcconfig"; path = "Pods/Target Support Files/Pods-SSSelectItem/Pods-SSSelectItem.release.xcconfig"; sourceTree = "<group>"; };
		721AA7133B84B93AABA43C75 /* libPods-SSSelectItemTests.a */ = {isa = PBXFileReference; explicitFileType = archive.ar; includeInIndex = 0; path = "libPods-SSSelectItemTests.a"; sourceTree = BUILT_PRODUCTS_DIR; };
		72A595E0212D05E500F0318C /* SSSelectItem.app */ = {isa = PBXFileReference; explicitFileType = wrapper.application; includeInIndex = 0; path = SSSelectItem.app; sourceTree = BUILT_PRODUCTS_DIR; };
		72A595E3212D05E500F0318C /* AppDelegate.h */ = {isa = PBXFileReference; lastKnownFileType = sourcecode.c.h; path = AppDelegate.h; sourceTree = "<group>"; };
		72A595E4212D05E500F0318C /* AppDelegate.m */ = {isa = PBXFileReference; lastKnownFileType = sourcecode.c.objc; path = AppDelegate.m; sourceTree = "<group>"; };
		72A595E6212D05E500F0318C /* ViewController.h */ = {isa = PBXFileReference; lastKnownFileType = sourcecode.c.h; path = ViewController.h; sourceTree = "<group>"; };
		72A595E7212D05E500F0318C /* ViewController.m */ = {isa = PBXFileReference; lastKnownFileType = sourcecode.c.objc; path = ViewController.m; sourceTree = "<group>"; };
		72A595EA212D05E500F0318C /* Base */ = {isa = PBXFileReference; lastKnownFileType = file.storyboard; name = Base; path = Base.lproj/Main.storyboard; sourceTree = "<group>"; };
		72A595EC212D05E600F0318C /* Assets.xcassets */ = {isa = PBXFileReference; lastKnownFileType = folder.assetcatalog; path = Assets.xcassets; sourceTree = "<group>"; };
		72A595EF212D05E600F0318C /* Base */ = {isa = PBXFileReference; lastKnownFileType = file.storyboard; name = Base; path = Base.lproj/LaunchScreen.storyboard; sourceTree = "<group>"; };
		72A595F1212D05E600F0318C /* Info.plist */ = {isa = PBXFileReference; lastKnownFileType = text.plist.xml; path = Info.plist; sourceTree = "<group>"; };
		72A595F2212D05E600F0318C /* main.m */ = {isa = PBXFileReference; lastKnownFileType = sourcecode.c.objc; path = main.m; sourceTree = "<group>"; };
		72A595F8212D05E600F0318C /* SSSelectItemTests.xctest */ = {isa = PBXFileReference; explicitFileType = wrapper.cfbundle; includeInIndex = 0; path = SSSelectItemTests.xctest; sourceTree = BUILT_PRODUCTS_DIR; };
		72A595FC212D05E600F0318C /* SSSelectItemTests.m */ = {isa = PBXFileReference; lastKnownFileType = sourcecode.c.objc; path = SSSelectItemTests.m; sourceTree = "<group>"; };
		72A595FE212D05E600F0318C /* Info.plist */ = {isa = PBXFileReference; lastKnownFileType = text.plist.xml; path = Info.plist; sourceTree = "<group>"; };
		72A59603212D05E600F0318C /* SSSelectItemUITests.xctest */ = {isa = PBXFileReference; explicitFileType = wrapper.cfbundle; includeInIndex = 0; path = SSSelectItemUITests.xctest; sourceTree = BUILT_PRODUCTS_DIR; };
		72A59607212D05E600F0318C /* SSSelectItemUITests.m */ = {isa = PBXFileReference; lastKnownFileType = sourcecode.c.objc; path = SSSelectItemUITests.m; sourceTree = "<group>"; };
		72A59609212D05E600F0318C /* Info.plist */ = {isa = PBXFileReference; lastKnownFileType = text.plist.xml; path = Info.plist; sourceTree = "<group>"; };
		72A59617212D069100F0318C /* SSSortButton.h */ = {isa = PBXFileReference; lastKnownFileType = sourcecode.c.h; path = SSSortButton.h; sourceTree = "<group>"; };
		72A59618212D069100F0318C /* SSSortButton.m */ = {isa = PBXFileReference; lastKnownFileType = sourcecode.c.objc; path = SSSortButton.m; sourceTree = "<group>"; };
		72FC0148212D530F00968ABE /* SSSelectItemView.h */ = {isa = PBXFileReference; lastKnownFileType = sourcecode.c.h; path = SSSelectItemView.h; sourceTree = "<group>"; };
		72FC0149212D530F00968ABE /* SSSelectItemView.m */ = {isa = PBXFileReference; lastKnownFileType = sourcecode.c.objc; path = SSSelectItemView.m; sourceTree = "<group>"; };
		86511730D9AC8A7F88D13085 /* Pods-SSSelectItemTests.debug.xcconfig */ = {isa = PBXFileReference; includeInIndex = 1; lastKnownFileType = text.xcconfig; name = "Pods-SSSelectItemTests.debug.xcconfig"; path = "Pods/Target Support Files/Pods-SSSelectItemTests/Pods-SSSelectItemTests.debug.xcconfig"; sourceTree = "<group>"; };
		E8725DCAC2578157F77E732B /* Pods-SSSelectItem.debug.xcconfig */ = {isa = PBXFileReference; includeInIndex = 1; lastKnownFileType = text.xcconfig; name = "Pods-SSSelectItem.debug.xcconfig"; path = "Pods/Target Support Files/Pods-SSSelectItem/Pods-SSSelectItem.debug.xcconfig"; sourceTree = "<group>"; };
		F8F65E40C4BAFD39DCBF0BCE /* libPods-SSSelectItem.a */ = {isa = PBXFileReference; explicitFileType = archive.ar; includeInIndex = 0; path = "libPods-SSSelectItem.a"; sourceTree = BUILT_PRODUCTS_DIR; };
/* End PBXFileReference section */

/* Begin PBXFrameworksBuildPhase section */
		72A595DD212D05E500F0318C /* Frameworks */ = {
			isa = PBXFrameworksBuildPhase;
			buildActionMask = 2147483647;
			files = (
				5676251F1E0A2FADCCC8B29E /* libPods-SSSelectItem.a in Frameworks */,
			);
			runOnlyForDeploymentPostprocessing = 0;
		};
		72A595F5212D05E600F0318C /* Frameworks */ = {
			isa = PBXFrameworksBuildPhase;
			buildActionMask = 2147483647;
			files = (
				2A4055BC3D9884DD99870CF7 /* libPods-SSSelectItemTests.a in Frameworks */,
			);
			runOnlyForDeploymentPostprocessing = 0;
		};
		72A59600212D05E600F0318C /* Frameworks */ = {
			isa = PBXFrameworksBuildPhase;
			buildActionMask = 2147483647;
			files = (
				1D89ADA48C6A4927F35322FA /* libPods-SSSelectItemUITests.a in Frameworks */,
			);
			runOnlyForDeploymentPostprocessing = 0;
		};
/* End PBXFrameworksBuildPhase section */

/* Begin PBXGroup section */
		28CEAE40DD87EEC8669A61C5 /* Frameworks */ = {
			isa = PBXGroup;
			children = (
				F8F65E40C4BAFD39DCBF0BCE /* libPods-SSSelectItem.a */,
				721AA7133B84B93AABA43C75 /* libPods-SSSelectItemTests.a */,
				033B335FE18D1790E7C7E68D /* libPods-SSSelectItemUITests.a */,
			);
			name = Frameworks;
			sourceTree = "<group>";
		};
		3A62E2A25A1A57351FE9D1FF /* Pods */ = {
			isa = PBXGroup;
			children = (
				E8725DCAC2578157F77E732B /* Pods-SSSelectItem.debug.xcconfig */,
				51CDDE58C02C512A25B88A66 /* Pods-SSSelectItem.release.xcconfig */,
				86511730D9AC8A7F88D13085 /* Pods-SSSelectItemTests.debug.xcconfig */,
				2BC5BDCDF06221EFE5A8070A /* Pods-SSSelectItemTests.release.xcconfig */,
				4BB0D563FBE5AE8B12FF3843 /* Pods-SSSelectItemUITests.debug.xcconfig */,
				4279B60D933AAD60D8E5DFB1 /* Pods-SSSelectItemUITests.release.xcconfig */,
			);
			name = Pods;
			sourceTree = "<group>";
		};
		72A595D7212D05E500F0318C = {
			isa = PBXGroup;
			children = (
				72A595E2212D05E500F0318C /* SSSelectItem */,
				72A595FB212D05E600F0318C /* SSSelectItemTests */,
				72A59606212D05E600F0318C /* SSSelectItemUITests */,
				72A595E1212D05E500F0318C /* Products */,
				3A62E2A25A1A57351FE9D1FF /* Pods */,
				28CEAE40DD87EEC8669A61C5 /* Frameworks */,
			);
			sourceTree = "<group>";
		};
		72A595E1212D05E500F0318C /* Products */ = {
			isa = PBXGroup;
			children = (
				72A595E0212D05E500F0318C /* SSSelectItem.app */,
				72A595F8212D05E600F0318C /* SSSelectItemTests.xctest */,
				72A59603212D05E600F0318C /* SSSelectItemUITests.xctest */,
			);
			name = Products;
			sourceTree = "<group>";
		};
		72A595E2212D05E500F0318C /* SSSelectItem */ = {
			isa = PBXGroup;
			children = (
				72A59616212D060100F0318C /* VIew */,
				72A59615212D05F500F0318C /* Controller */,
				72A595E3212D05E500F0318C /* AppDelegate.h */,
				72A595E4212D05E500F0318C /* AppDelegate.m */,
				72A595E6212D05E500F0318C /* ViewController.h */,
				72A595E7212D05E500F0318C /* ViewController.m */,
				72A595E9212D05E500F0318C /* Main.storyboard */,
				72A595EC212D05E600F0318C /* Assets.xcassets */,
				72A595EE212D05E600F0318C /* LaunchScreen.storyboard */,
				72A595F1212D05E600F0318C /* Info.plist */,
				72A595F2212D05E600F0318C /* main.m */,
			);
			path = SSSelectItem;
			sourceTree = "<group>";
		};
		72A595FB212D05E600F0318C /* SSSelectItemTests */ = {
			isa = PBXGroup;
			children = (
				72A595FC212D05E600F0318C /* SSSelectItemTests.m */,
				72A595FE212D05E600F0318C /* Info.plist */,
			);
			path = SSSelectItemTests;
			sourceTree = "<group>";
		};
		72A59606212D05E600F0318C /* SSSelectItemUITests */ = {
			isa = PBXGroup;
			children = (
				72A59607212D05E600F0318C /* SSSelectItemUITests.m */,
				72A59609212D05E600F0318C /* Info.plist */,
			);
			path = SSSelectItemUITests;
			sourceTree = "<group>";
		};
		72A59615212D05F500F0318C /* Controller */ = {
			isa = PBXGroup;
			children = (
			);
			path = Controller;
			sourceTree = "<group>";
		};
		72A59616212D060100F0318C /* VIew */ = {
			isa = PBXGroup;
			children = (
				72A59617212D069100F0318C /* SSSortButton.h */,
				72A59618212D069100F0318C /* SSSortButton.m */,
				72FC0148212D530F00968ABE /* SSSelectItemView.h */,
				72FC0149212D530F00968ABE /* SSSelectItemView.m */,
			);
			path = VIew;
			sourceTree = "<group>";
		};
/* End PBXGroup section */

/* Begin PBXNativeTarget section */
		72A595DF212D05E500F0318C /* SSSelectItem */ = {
			isa = PBXNativeTarget;
			buildConfigurationList = 72A5960C212D05E600F0318C /* Build configuration list for PBXNativeTarget "SSSelectItem" */;
			buildPhases = (
				7538844B1CA49BEE4D7F93E7 /* [CP] Check Pods Manifest.lock */,
				72A595DC212D05E500F0318C /* Sources */,
				72A595DD212D05E500F0318C /* Frameworks */,
				72A595DE212D05E500F0318C /* Resources */,
			);
			buildRules = (
			);
			dependencies = (
			);
			name = SSSelectItem;
			productName = SSSelectItem;
			productReference = 72A595E0212D05E500F0318C /* SSSelectItem.app */;
			productType = "com.apple.product-type.application";
		};
		72A595F7212D05E600F0318C /* SSSelectItemTests */ = {
			isa = PBXNativeTarget;
			buildConfigurationList = 72A5960F212D05E600F0318C /* Build configuration list for PBXNativeTarget "SSSelectItemTests" */;
			buildPhases = (
				2572F77DB7972C79D1A2B806 /* [CP] Check Pods Manifest.lock */,
				72A595F4212D05E600F0318C /* Sources */,
				72A595F5212D05E600F0318C /* Frameworks */,
				72A595F6212D05E600F0318C /* Resources */,
			);
			buildRules = (
			);
			dependencies = (
				72A595FA212D05E600F0318C /* PBXTargetDependency */,
			);
			name = SSSelectItemTests;
			productName = SSSelectItemTests;
			productReference = 72A595F8212D05E600F0318C /* SSSelectItemTests.xctest */;
			productType = "com.apple.product-type.bundle.unit-test";
		};
		72A59602212D05E600F0318C /* SSSelectItemUITests */ = {
			isa = PBXNativeTarget;
			buildConfigurationList = 72A59612212D05E600F0318C /* Build configuration list for PBXNativeTarget "SSSelectItemUITests" */;
			buildPhases = (
				3E29C3A28FDFCD01044F09EF /* [CP] Check Pods Manifest.lock */,
				72A595FF212D05E600F0318C /* Sources */,
				72A59600212D05E600F0318C /* Frameworks */,
				72A59601212D05E600F0318C /* Resources */,
			);
			buildRules = (
			);
			dependencies = (
				72A59605212D05E600F0318C /* PBXTargetDependency */,
			);
			name = SSSelectItemUITests;
			productName = SSSelectItemUITests;
			productReference = 72A59603212D05E600F0318C /* SSSelectItemUITests.xctest */;
			productType = "com.apple.product-type.bundle.ui-testing";
		};
/* End PBXNativeTarget section */

/* Begin PBXProject section */
		72A595D8212D05E500F0318C /* Project object */ = {
			isa = PBXProject;
			attributes = {
				LastUpgradeCheck = 0940;
				ORGANIZATIONNAME = Sherry;
				TargetAttributes = {
					72A595DF212D05E500F0318C = {
						CreatedOnToolsVersion = 9.4.1;
					};
					72A595F7212D05E600F0318C = {
						CreatedOnToolsVersion = 9.4.1;
						TestTargetID = 72A595DF212D05E500F0318C;
					};
					72A59602212D05E600F0318C = {
						CreatedOnToolsVersion = 9.4.1;
						TestTargetID = 72A595DF212D05E500F0318C;
					};
				};
			};
			buildConfigurationList = 72A595DB212D05E500F0318C /* Build configuration list for PBXProject "SSSelectItem" */;
			compatibilityVersion = "Xcode 9.3";
			developmentRegion = en;
			hasScannedForEncodings = 0;
			knownRegions = (
				en,
				Base,
			);
			mainGroup = 72A595D7212D05E500F0318C;
			productRefGroup = 72A595E1212D05E500F0318C /* Products */;
			projectDirPath = "";
			projectRoot = "";
			targets = (
				72A595DF212D05E500F0318C /* SSSelectItem */,
				72A595F7212D05E600F0318C /* SSSelectItemTests */,
				72A59602212D05E600F0318C /* SSSelectItemUITests */,
			);
		};
/* End PBXProject section */

/* Begin PBXResourcesBuildPhase section */
		72A595DE212D05E500F0318C /* Resources */ = {
			isa = PBXResourcesBuildPhase;
			buildActionMask = 2147483647;
			files = (
				72A595F0212D05E600F0318C /* LaunchScreen.storyboard in Resources */,
				72A595ED212D05E600F0318C /* Assets.xcassets in Resources */,
				72A595EB212D05E500F0318C /* Main.storyboard in Resources */,
			);
			runOnlyForDeploymentPostprocessing = 0;
		};
		72A595F6212D05E600F0318C /* Resources */ = {
			isa = PBXResourcesBuildPhase;
			buildActionMask = 2147483647;
			files = (
			);
			runOnlyForDeploymentPostprocessing = 0;
		};
		72A59601212D05E600F0318C /* Resources */ = {
			isa = PBXResourcesBuildPhase;
			buildActionMask = 2147483647;
			files = (
			);
			runOnlyForDeploymentPostprocessing = 0;
		};
/* End PBXResourcesBuildPhase section */

/* Begin PBXShellScriptBuildPhase section */
		2572F77DB7972C79D1A2B806 /* [CP] Check Pods Manifest.lock */ = {
			isa = PBXShellScriptBuildPhase;
			buildActionMask = 2147483647;
			files = (
			);
			inputPaths = (
				"${PODS_PODFILE_DIR_PATH}/Podfile.lock",
				"${PODS_ROOT}/Manifest.lock",
			);
			name = "[CP] Check Pods Manifest.lock";
			outputPaths = (
				"$(DERIVED_FILE_DIR)/Pods-SSSelectItemTests-checkManifestLockResult.txt",
			);
			runOnlyForDeploymentPostprocessing = 0;
			shellPath = /bin/sh;
			shellScript = "diff \"${PODS_PODFILE_DIR_PATH}/Podfile.lock\" \"${PODS_ROOT}/Manifest.lock\" > /dev/null\nif [ $? != 0 ] ; then\n    # print error to STDERR\n    echo \"error: The sandbox is not in sync with the Podfile.lock. Run 'pod install' or update your CocoaPods installation.\" >&2\n    exit 1\nfi\n# This output is used by Xcode 'outputs' to avoid re-running this script phase.\necho \"SUCCESS\" > \"${SCRIPT_OUTPUT_FILE_0}\"\n";
			showEnvVarsInLog = 0;
		};
		3E29C3A28FDFCD01044F09EF /* [CP] Check Pods Manifest.lock */ = {
			isa = PBXShellScriptBuildPhase;
			buildActionMask = 2147483647;
			files = (
			);
			inputPaths = (
				"${PODS_PODFILE_DIR_PATH}/Podfile.lock",
				"${PODS_ROOT}/Manifest.lock",
			);
			name = "[CP] Check Pods Manifest.lock";
			outputPaths = (
				"$(DERIVED_FILE_DIR)/Pods-SSSelectItemUITests-checkManifestLockResult.txt",
			);
			runOnlyForDeploymentPostprocessing = 0;
			shellPath = /bin/sh;
			shellScript = "diff \"${PODS_PODFILE_DIR_PATH}/Podfile.lock\" \"${PODS_ROOT}/Manifest.lock\" > /dev/null\nif [ $? != 0 ] ; then\n    # print error to STDERR\n    echo \"error: The sandbox is not in sync with the Podfile.lock. Run 'pod install' or update your CocoaPods installation.\" >&2\n    exit 1\nfi\n# This output is used by Xcode 'outputs' to avoid re-running this script phase.\necho \"SUCCESS\" > \"${SCRIPT_OUTPUT_FILE_0}\"\n";
			showEnvVarsInLog = 0;
		};
		7538844B1CA49BEE4D7F93E7 /* [CP] Check Pods Manifest.lock */ = {
			isa = PBXShellScriptBuildPhase;
			buildActionMask = 2147483647;
			files = (
			);
			inputPaths = (
				"${PODS_PODFILE_DIR_PATH}/Podfile.lock",
				"${PODS_ROOT}/Manifest.lock",
			);
			name = "[CP] Check Pods Manifest.lock";
			outputPaths = (
				"$(DERIVED_FILE_DIR)/Pods-SSSelectItem-checkManifestLockResult.txt",
			);
			runOnlyForDeploymentPostprocessing = 0;
			shellPath = /bin/sh;
			shellScript = "diff \"${PODS_PODFILE_DIR_PATH}/Podfile.lock\" \"${PODS_ROOT}/Manifest.lock\" > /dev/null\nif [ $? != 0 ] ; then\n    # print error to STDERR\n    echo \"error: The sandbox is not in sync with the Podfile.lock. Run 'pod install' or update your CocoaPods installation.\" >&2\n    exit 1\nfi\n# This output is used by Xcode 'outputs' to avoid re-running this script phase.\necho \"SUCCESS\" > \"${SCRIPT_OUTPUT_FILE_0}\"\n";
			showEnvVarsInLog = 0;
		};
/* End PBXShellScriptBuildPhase section */

/* Begin PBXSourcesBuildPhase section */
		72A595DC212D05E500F0318C /* Sources */ = {
			isa = PBXSourcesBuildPhase;
			buildActionMask = 2147483647;
			files = (
				72A595E8212D05E500F0318C /* ViewController.m in Sources */,
				72A595F3212D05E600F0318C /* main.m in Sources */,
				72FC014A212D530F00968ABE /* SSSelectItemView.m in Sources */,
				72A595E5212D05E500F0318C /* AppDelegate.m in Sources */,
				72A59619212D069100F0318C /* SSSortButton.m in Sources */,
			);
			runOnlyForDeploymentPostprocessing = 0;
		};
		72A595F4212D05E600F0318C /* Sources */ = {
			isa = PBXSourcesBuildPhase;
			buildActionMask = 2147483647;
			files = (
				72A595FD212D05E600F0318C /* SSSelectItemTests.m in Sources */,
			);
			runOnlyForDeploymentPostprocessing = 0;
		};
		72A595FF212D05E600F0318C /* Sources */ = {
			isa = PBXSourcesBuildPhase;
			buildActionMask = 2147483647;
			files = (
				72A59608212D05E600F0318C /* SSSelectItemUITests.m in Sources */,
			);
			runOnlyForDeploymentPostprocessing = 0;
		};
/* End PBXSourcesBuildPhase section */

/* Begin PBXTargetDependency section */
		72A595FA212D05E600F0318C /* PBXTargetDependency */ = {
			isa = PBXTargetDependency;
			target = 72A595DF212D05E500F0318C /* SSSelectItem */;
			targetProxy = 72A595F9212D05E600F0318C /* PBXContainerItemProxy */;
		};
		72A59605212D05E600F0318C /* PBXTargetDependency */ = {
			isa = PBXTargetDependency;
			target = 72A595DF212D05E500F0318C /* SSSelectItem */;
			targetProxy = 72A59604212D05E600F0318C /* PBXContainerItemProxy */;
		};
/* End PBXTargetDependency section */

/* Begin PBXVariantGroup section */
		72A595E9212D05E500F0318C /* Main.storyboard */ = {
			isa = PBXVariantGroup;
			children = (
				72A595EA212D05E500F0318C /* Base */,
			);
			name = Main.storyboard;
			sourceTree = "<group>";
		};
		72A595EE212D05E600F0318C /* LaunchScreen.storyboard */ = {
			isa = PBXVariantGroup;
			children = (
				72A595EF212D05E600F0318C /* Base */,
			);
			name = LaunchScreen.storyboard;
			sourceTree = "<group>";
		};
/* End PBXVariantGroup section */

/* Begin XCBuildConfiguration section */
		72A5960A212D05E600F0318C /* Debug */ = {
			isa = XCBuildConfiguration;
			buildSettings = {
				ALWAYS_SEARCH_USER_PATHS = NO;
				CLANG_ANALYZER_NONNULL = YES;
				CLANG_ANALYZER_NUMBER_OBJECT_CONVERSION = YES_AGGRESSIVE;
				CLANG_CXX_LANGUAGE_STANDARD = "gnu++14";
				CLANG_CXX_LIBRARY = "libc++";
				CLANG_ENABLE_MODULES = YES;
				CLANG_ENABLE_OBJC_ARC = YES;
				CLANG_ENABLE_OBJC_WEAK = YES;
				CLANG_WARN_BLOCK_CAPTURE_AUTORELEASING = YES;
				CLANG_WARN_BOOL_CONVERSION = YES;
				CLANG_WARN_COMMA = YES;
				CLANG_WARN_CONSTANT_CONVERSION = YES;
				CLANG_WARN_DEPRECATED_OBJC_IMPLEMENTATIONS = YES;
				CLANG_WARN_DIRECT_OBJC_ISA_USAGE = YES_ERROR;
				CLANG_WARN_DOCUMENTATION_COMMENTS = YES;
				CLANG_WARN_EMPTY_BODY = YES;
				CLANG_WARN_ENUM_CONVERSION = YES;
				CLANG_WARN_INFINITE_RECURSION = YES;
				CLANG_WARN_INT_CONVERSION = YES;
				CLANG_WARN_NON_LITERAL_NULL_CONVERSION = YES;
				CLANG_WARN_OBJC_IMPLICIT_RETAIN_SELF = YES;
				CLANG_WARN_OBJC_LITERAL_CONVERSION = YES;
				CLANG_WARN_OBJC_ROOT_CLASS = YES_ERROR;
				CLANG_WARN_RANGE_LOOP_ANALYSIS = YES;
				CLANG_WARN_STRICT_PROTOTYPES = YES;
				CLANG_WARN_SUSPICIOUS_MOVE = YES;
				CLANG_WARN_UNGUARDED_AVAILABILITY = YES_AGGRESSIVE;
				CLANG_WARN_UNREACHABLE_CODE = YES;
				CLANG_WARN__DUPLICATE_METHOD_MATCH = YES;
				CODE_SIGN_IDENTITY = "iPhone Developer";
				COPY_PHASE_STRIP = NO;
				DEBUG_INFORMATION_FORMAT = dwarf;
				ENABLE_STRICT_OBJC_MSGSEND = YES;
				ENABLE_TESTABILITY = YES;
				GCC_C_LANGUAGE_STANDARD = gnu11;
				GCC_DYNAMIC_NO_PIC = NO;
				GCC_NO_COMMON_BLOCKS = YES;
				GCC_OPTIMIZATION_LEVEL = 0;
				GCC_PREPROCESSOR_DEFINITIONS = (
					"DEBUG=1",
					"$(inherited)",
				);
				GCC_WARN_64_TO_32_BIT_CONVERSION = YES;
				GCC_WARN_ABOUT_RETURN_TYPE = YES_ERROR;
				GCC_WARN_UNDECLARED_SELECTOR = YES;
				GCC_WARN_UNINITIALIZED_AUTOS = YES_AGGRESSIVE;
				GCC_WARN_UNUSED_FUNCTION = YES;
				GCC_WARN_UNUSED_VARIABLE = YES;
				IPHONEOS_DEPLOYMENT_TARGET = 11.4;
				MTL_ENABLE_DEBUG_INFO = YES;
				ONLY_ACTIVE_ARCH = YES;
				SDKROOT = iphoneos;
			};
			name = Debug;
		};
		72A5960B212D05E600F0318C /* Release */ = {
			isa = XCBuildConfiguration;
			buildSettings = {
				ALWAYS_SEARCH_USER_PATHS = NO;
				CLANG_ANALYZER_NONNULL = YES;
				CLANG_ANALYZER_NUMBER_OBJECT_CONVERSION = YES_AGGRESSIVE;
				CLANG_CXX_LANGUAGE_STANDARD = "gnu++14";
				CLANG_CXX_LIBRARY = "libc++";
				CLANG_ENABLE_MODULES = YES;
				CLANG_ENABLE_OBJC_ARC = YES;
				CLANG_ENABLE_OBJC_WEAK = YES;
				CLANG_WARN_BLOCK_CAPTURE_AUTORELEASING = YES;
				CLANG_WARN_BOOL_CONVERSION = YES;
				CLANG_WARN_COMMA = YES;
				CLANG_WARN_CONSTANT_CONVERSION = YES;
				CLANG_WARN_DEPRECATED_OBJC_IMPLEMENTATIONS = YES;
				CLANG_WARN_DIRECT_OBJC_ISA_USAGE = YES_ERROR;
				CLANG_WARN_DOCUMENTATION_COMMENTS = YES;
				CLANG_WARN_EMPTY_BODY = YES;
				CLANG_WARN_ENUM_CONVERSION = YES;
				CLANG_WARN_INFINITE_RECURSION = YES;
				CLANG_WARN_INT_CONVERSION = YES;
				CLANG_WARN_NON_LITERAL_NULL_CONVERSION = YES;
				CLANG_WARN_OBJC_IMPLICIT_RETAIN_SELF = YES;
				CLANG_WARN_OBJC_LITERAL_CONVERSION = YES;
				CLANG_WARN_OBJC_ROOT_CLASS = YES_ERROR;
				CLANG_WARN_RANGE_LOOP_ANALYSIS = YES;
				CLANG_WARN_STRICT_PROTOTYPES = YES;
				CLANG_WARN_SUSPICIOUS_MOVE = YES;
				CLANG_WARN_UNGUARDED_AVAILABILITY = YES_AGGRESSIVE;
				CLANG_WARN_UNREACHABLE_CODE = YES;
				CLANG_WARN__DUPLICATE_METHOD_MATCH = YES;
				CODE_SIGN_IDENTITY = "iPhone Developer";
				COPY_PHASE_STRIP = NO;
				DEBUG_INFORMATION_FORMAT = "dwarf-with-dsym";
				ENABLE_NS_ASSERTIONS = NO;
				ENABLE_STRICT_OBJC_MSGSEND = YES;
				GCC_C_LANGUAGE_STANDARD = gnu11;
				GCC_NO_COMMON_BLOCKS = YES;
				GCC_WARN_64_TO_32_BIT_CONVERSION = YES;
				GCC_WARN_ABOUT_RETURN_TYPE = YES_ERROR;
				GCC_WARN_UNDECLARED_SELECTOR = YES;
				GCC_WARN_UNINITIALIZED_AUTOS = YES_AGGRESSIVE;
				GCC_WARN_UNUSED_FUNCTION = YES;
				GCC_WARN_UNUSED_VARIABLE = YES;
				IPHONEOS_DEPLOYMENT_TARGET = 11.4;
				MTL_ENABLE_DEBUG_INFO = NO;
				SDKROOT = iphoneos;
				VALIDATE_PRODUCT = YES;
			};
			name = Release;
		};
		72A5960D212D05E600F0318C /* Debug */ = {
			isa = XCBuildConfiguration;
			baseConfigurationReference = E8725DCAC2578157F77E732B /* Pods-SSSelectItem.debug.xcconfig */;
			buildSettings = {
				ASSETCATALOG_COMPILER_APPICON_NAME = AppIcon;
				CODE_SIGN_STYLE = Automatic;
				INFOPLIST_FILE = SSSelectItem/Info.plist;
				LD_RUNPATH_SEARCH_PATHS = (
					"$(inherited)",
					"@executable_path/Frameworks",
				);
				PRODUCT_BUNDLE_IDENTIFIER = cn.SSSelectItem;
				PRODUCT_NAME = "$(TARGET_NAME)";
				TARGETED_DEVICE_FAMILY = "1,2";
			};
			name = Debug;
		};
		72A5960E212D05E600F0318C /* Release */ = {
			isa = XCBuildConfiguration;
			baseConfigurationReference = 51CDDE58C02C512A25B88A66 /* Pods-SSSelectItem.release.xcconfig */;
			buildSettings = {
				ASSETCATALOG_COMPILER_APPICON_NAME = AppIcon;
				CODE_SIGN_STYLE = Automatic;
				INFOPLIST_FILE = SSSelectItem/Info.plist;
				LD_RUNPATH_SEARCH_PATHS = (
					"$(inherited)",
					"@executable_path/Frameworks",
				);
				PRODUCT_BUNDLE_IDENTIFIER = cn.SSSelectItem;
				PRODUCT_NAME = "$(TARGET_NAME)";
				TARGETED_DEVICE_FAMILY = "1,2";
			};
			name = Release;
		};
		72A59610212D05E600F0318C /* Debug */ = {
			isa = XCBuildConfiguration;
			baseConfigurationReference = 86511730D9AC8A7F88D13085 /* Pods-SSSelectItemTests.debug.xcconfig */;
			buildSettings = {
				BUNDLE_LOADER = "$(TEST_HOST)";
				CODE_SIGN_STYLE = Automatic;
				INFOPLIST_FILE = SSSelectItemTests/Info.plist;
				LD_RUNPATH_SEARCH_PATHS = (
					"$(inherited)",
					"@executable_path/Frameworks",
					"@loader_path/Frameworks",
				);
				PRODUCT_BUNDLE_IDENTIFIER = cn.SSSelectItemTests;
				PRODUCT_NAME = "$(TARGET_NAME)";
				TARGETED_DEVICE_FAMILY = "1,2";
				TEST_HOST = "$(BUILT_PRODUCTS_DIR)/SSSelectItem.app/SSSelectItem";
			};
			name = Debug;
		};
		72A59611212D05E600F0318C /* Release */ = {
			isa = XCBuildConfiguration;
			baseConfigurationReference = 2BC5BDCDF06221EFE5A8070A /* Pods-SSSelectItemTests.release.xcconfig */;
			buildSettings = {
				BUNDLE_LOADER = "$(TEST_HOST)";
				CODE_SIGN_STYLE = Automatic;
				INFOPLIST_FILE = SSSelectItemTests/Info.plist;
				LD_RUNPATH_SEARCH_PATHS = (
					"$(inherited)",
					"@executable_path/Frameworks",
					"@loader_path/Frameworks",
				);
				PRODUCT_BUNDLE_IDENTIFIER = cn.SSSelectItemTests;
				PRODUCT_NAME = "$(TARGET_NAME)";
				TARGETED_DEVICE_FAMILY = "1,2";
				TEST_HOST = "$(BUILT_PRODUCTS_DIR)/SSSelectItem.app/SSSelectItem";
			};
			name = Release;
		};
		72A59613212D05E600F0318C /* Debug */ = {
			isa = XCBuildConfiguration;
			baseConfigurationReference = 4BB0D563FBE5AE8B12FF3843 /* Pods-SSSelectItemUITests.debug.xcconfig */;
			buildSettings = {
				CODE_SIGN_STYLE = Automatic;
				INFOPLIST_FILE = SSSelectItemUITests/Info.plist;
				LD_RUNPATH_SEARCH_PATHS = (
					"$(inherited)",
					"@executable_path/Frameworks",
					"@loader_path/Frameworks",
				);
				PRODUCT_BUNDLE_IDENTIFIER = cn.SSSelectItemUITests;
				PRODUCT_NAME = "$(TARGET_NAME)";
				TARGETED_DEVICE_FAMILY = "1,2";
				TEST_TARGET_NAME = SSSelectItem;
			};
			name = Debug;
		};
		72A59614212D05E600F0318C /* Release */ = {
			isa = XCBuildConfiguration;
			baseConfigurationReference = 4279B60D933AAD60D8E5DFB1 /* Pods-SSSelectItemUITests.release.xcconfig */;
			buildSettings = {
				CODE_SIGN_STYLE = Automatic;
				INFOPLIST_FILE = SSSelectItemUITests/Info.plist;
				LD_RUNPATH_SEARCH_PATHS = (
					"$(inherited)",
					"@executable_path/Frameworks",
					"@loader_path/Frameworks",
				);
				PRODUCT_BUNDLE_IDENTIFIER = cn.SSSelectItemUITests;
				PRODUCT_NAME = "$(TARGET_NAME)";
				TARGETED_DEVICE_FAMILY = "1,2";
				TEST_TARGET_NAME = SSSelectItem;
			};
			name = Release;
		};
/* End XCBuildConfiguration section */

/* Begin XCConfigurationList section */
		72A595DB212D05E500F0318C /* Build configuration list for PBXProject "SSSelectItem" */ = {
			isa = XCConfigurationList;
			buildConfigurations = (
				72A5960A212D05E600F0318C /* Debug */,
				72A5960B212D05E600F0318C /* Release */,
			);
			defaultConfigurationIsVisible = 0;
			defaultConfigurationName = Release;
		};
		72A5960C212D05E600F0318C /* Build configuration list for PBXNativeTarget "SSSelectItem" */ = {
			isa = XCConfigurationList;
			buildConfigurations = (
				72A5960D212D05E600F0318C /* Debug */,
				72A5960E212D05E600F0318C /* Release */,
			);
			defaultConfigurationIsVisible = 0;
			defaultConfigurationName = Release;
		};
		72A5960F212D05E600F0318C /* Build configuration list for PBXNativeTarget "SSSelectItemTests" */ = {
			isa = XCConfigurationList;
			buildConfigurations = (
				72A59610212D05E600F0318C /* Debug */,
				72A59611212D05E600F0318C /* Release */,
			);
			defaultConfigurationIsVisible = 0;
			defaultConfigurationName = Release;
		};
		72A59612212D05E600F0318C /* Build configuration list for PBXNativeTarget "SSSelectItemUITests" */ = {
			isa = XCConfigurationList;
			buildConfigurations = (
				72A59613212D05E600F0318C /* Debug */,
				72A59614212D05E600F0318C /* Release */,
			);
			defaultConfigurationIsVisible = 0;
			defaultConfigurationName = Release;
		};
/* End XCConfigurationList section */
	};
	rootObject = 72A595D8212D05E500F0318C /* Project object */;
}
